
Microsoft Visual Studio Solution File, Format Version 12.00
# Visual Studio Version 16
VisualStudioVersion = 16.6.30114.105
MinimumVisualStudioVersion = 10.0.40219.1
Project("{2150E333-8FDC-42A3-9474-1A3956D46DE8}") = "src", "src", "{0E341862-D2E1-4F7E-A300-642051048CE1}"
EndProject
Project("{FAE04EC0-301F-11D3-BF4B-00C04F79EFBC}") = "Api", "src\Api\Api.csproj", "{08C07F93-9AF3-4D3C-B2F3-8E5936D731ED}"
EndProject
Project("{FAE04EC0-301F-11D3-BF4B-00C04F79EFBC}") = "Service", "src\Service\Service.csproj", "{F6A4B6DE-B295-4867-9099-2D915DFE77CC}"
EndProject
Project("{2150E333-8FDC-42A3-9474-1A3956D46DE8}") = "test", "test", "{2B3A2A9A-B659-4908-B4E6-B1FB8232B6A7}"
EndProject
Project("{FAE04EC0-301F-11D3-BF4B-00C04F79EFBC}") = "Api.Test", "test\Api.Test\Api.Test.csproj", "{F1E854FD-C330-45F3-AF0D-58B2FEE25258}"
EndProject
Project("{FAE04EC0-301F-11D3-BF4B-00C04F79EFBC}") = "Service.Test", "test\Service.Test\Service.Test.csproj", "{9C0B9BCB-E70B-4DCE-8BBB-8D562CC3E7A1}"
EndProject
Global
	GlobalSection(SolutionConfigurationPlatforms) = preSolution
		Debug|Any CPU = Debug|Any CPU
		Debug|x64 = Debug|x64
		Debug|x86 = Debug|x86
		Release|Any CPU = Release|Any CPU
		Release|x64 = Release|x64
		Release|x86 = Release|x86
	EndGlobalSection
	GlobalSection(SolutionProperties) = preSolution
		HideSolutionNode = FALSE
	EndGlobalSection
	GlobalSection(ProjectConfigurationPlatforms) = postSolution
		{08C07F93-9AF3-4D3C-B2F3-8E5936D731ED}.Debug|Any CPU.ActiveCfg = Debug|Any CPU
		{08C07F93-9AF3-4D3C-B2F3-8E5936D731ED}.Debug|Any CPU.Build.0 = Debug|Any CPU
		{08C07F93-9AF3-4D3C-B2F3-8E5936D731ED}.Debug|x64.ActiveCfg = Debug|Any CPU
		{08C07F93-9AF3-4D3C-B2F3-8E5936D731ED}.Debug|x64.Build.0 = Debug|Any CPU
		{08C07F93-9AF3-4D3C-B2F3-8E5936D731ED}.Debug|x86.ActiveCfg = Debug|Any CPU
		{08C07F93-9AF3-4D3C-B2F3-8E5936D731ED}.Debug|x86.Build.0 = Debug|Any CPU
		{08C07F93-9AF3-4D3C-B2F3-8E5936D731ED}.Release|Any CPU.ActiveCfg = Release|Any CPU
		{08C07F93-9AF3-4D3C-B2F3-8E5936D731ED}.Release|Any CPU.Build.0 = Release|Any CPU
		{08C07F93-9AF3-4D3C-B2F3-8E5936D731ED}.Release|x64.ActiveCfg = Release|Any CPU
		{08C07F93-9AF3-4D3C-B2F3-8E5936D731ED}.Release|x64.Build.0 = Release|Any CPU
		{08C07F93-9AF3-4D3C-B2F3-8E5936D731ED}.Release|x86.ActiveCfg = Release|Any CPU
		{08C07F93-9AF3-4D3C-B2F3-8E5936D731ED}.Release|x86.Build.0 = Release|Any CPU
		{F6A4B6DE-B295-4867-9099-2D915DFE77CC}.Debug|Any CPU.ActiveCfg = Debug|Any CPU
		{F6A4B6DE-B295-4867-9099-2D915DFE77CC}.Debug|Any CPU.Build.0 = Debug|Any CPU
		{F6A4B6DE-B295-4867-9099-2D915DFE77CC}.Debug|x64.ActiveCfg = Debug|Any CPU
		{F6A4B6DE-B295-4867-9099-2D915DFE77CC}.Debug|x64.Build.0 = Debug|Any CPU
		{F6A4B6DE-B295-4867-9099-2D915DFE77CC}.Debug|x86.ActiveCfg = Debug|Any CPU
		{F6A4B6DE-B295-4867-9099-2D915DFE77CC}.Debug|x86.Build.0 = Debug|Any CPU
		{F6A4B6DE-B295-4867-9099-2D915DFE77CC}.Release|Any CPU.ActiveCfg = Release|Any CPU
		{F6A4B6DE-B295-4867-9099-2D915DFE77CC}.Release|Any CPU.Build.0 = Release|Any CPU
		{F6A4B6DE-B295-4867-9099-2D915DFE77CC}.Release|x64.ActiveCfg = Release|Any CPU
		{F6A4B6DE-B295-4867-9099-2D915DFE77CC}.Release|x64.Build.0 = Release|Any CPU
		{F6A4B6DE-B295-4867-9099-2D915DFE77CC}.Release|x86.ActiveCfg = Release|Any CPU
		{F6A4B6DE-B295-4867-9099-2D915DFE77CC}.Release|x86.Build.0 = Release|Any CPU
		{F1E854FD-C330-45F3-AF0D-58B2FEE25258}.Debug|Any CPU.ActiveCfg = Debug|Any CPU
		{F1E854FD-C330-45F3-AF0D-58B2FEE25258}.Debug|Any CPU.Build.0 = Debug|Any CPU
		{F1E854FD-C330-45F3-AF0D-58B2FEE25258}.Debug|x64.ActiveCfg = Debug|Any CPU
		{F1E854FD-C330-45F3-AF0D-58B2FEE25258}.Debug|x64.Build.0 = Debug|Any CPU
		{F1E854FD-C330-45F3-AF0D-58B2FEE25258}.Debug|x86.ActiveCfg = Debug|Any CPU
		{F1E854FD-C330-45F3-AF0D-58B2FEE25258}.Debug|x86.Build.0 = Debug|Any CPU
		{F1E854FD-C330-45F3-AF0D-58B2FEE25258}.Release|Any CPU.ActiveCfg = Release|Any CPU
		{F1E854FD-C330-45F3-AF0D-58B2FEE25258}.Release|Any CPU.Build.0 = Release|Any CPU
		{F1E854FD-C330-45F3-AF0D-58B2FEE25258}.Release|x64.ActiveCfg = Release|Any CPU
		{F1E854FD-C330-45F3-AF0D-58B2FEE25258}.Release|x64.Build.0 = Release|Any CPU
		{F1E854FD-C330-45F3-AF0D-58B2FEE25258}.Release|x86.ActiveCfg = Release|Any CPU
		{F1E854FD-C330-45F3-AF0D-58B2FEE25258}.Release|x86.Build.0 = Release|Any CPU
		{9C0B9BCB-E70B-4DCE-8BBB-8D562CC3E7A1}.Debug|Any CPU.ActiveCfg = Debug|Any CPU
		{9C0B9BCB-E70B-4DCE-8BBB-8D562CC3E7A1}.Debug|Any CPU.Build.0 = Debug|Any CPU
		{9C0B9BCB-E70B-4DCE-8BBB-8D562CC3E7A1}.Debug|x64.ActiveCfg = Debug|Any CPU
		{9C0B9BCB-E70B-4DCE-8BBB-8D562CC3E7A1}.Debug|x64.Build.0 = Debug|Any CPU
		{9C0B9BCB-E70B-4DCE-8BBB-8D562CC3E7A1}.Debug|x86.ActiveCfg = Debug|Any CPU
		{9C0B9BCB-E70B-4DCE-8BBB-8D562CC3E7A1}.Debug|x86.Build.0 = Debug|Any CPU
		{9C0B9BCB-E70B-4DCE-8BBB-8D562CC3E7A1}.Release|Any CPU.ActiveCfg = Release|Any CPU
		{9C0B9BCB-E70B-4DCE-8BBB-8D562CC3E7A1}.Release|Any CPU.Build.0 = Release|Any CPU
		{9C0B9BCB-E70B-4DCE-8BBB-8D562CC3E7A1}.Release|x64.ActiveCfg = Release|Any CPU
		{9C0B9BCB-E70B-4DCE-8BBB-8D562CC3E7A1}.Release|x64.Build.0 = Release|Any CPU
		{9C0B9BCB-E70B-4DCE-8BBB-8D562CC3E7A1}.Release|x86.ActiveCfg = Release|Any CPU
		{9C0B9BCB-E70B-4DCE-8BBB-8D562CC3E7A1}.Release|x86.Build.0 = Release|Any CPU
	EndGlobalSection
	GlobalSection(NestedProjects) = preSolution
		{08C07F93-9AF3-4D3C-B2F3-8E5936D731ED} = {0E341862-D2E1-4F7E-A300-642051048CE1}
		{F6A4B6DE-B295-4867-9099-2D915DFE77CC} = {0E341862-D2E1-4F7E-A300-642051048CE1}
		{F1E854FD-C330-45F3-AF0D-58B2FEE25258} = {2B3A2A9A-B659-4908-B4E6-B1FB8232B6A7}
		{9C0B9BCB-E70B-4DCE-8BBB-8D562CC3E7A1} = {2B3A2A9A-B659-4908-B4E6-B1FB8232B6A7}
	EndGlobalSection
EndGlobal
